{
  "name": "chatgpt-cli",
  "version": "1.0.0",
  "lockfileVersion": 3,
  "requires": true,
  "packages": {
    "": {
      "name": "chatgpt-cli",
      "version": "1.0.0",
      "license": "ISC",
      "dependencies": {
        "dotenv": "17.0.1",
        "openai": "5.8.2"
      }
    },
    "node_modules/dotenv": {
      "version": "17.0.1",
      "resolved": "https://registry.npmjs.org/dotenv/-/dotenv-17.0.1.tgz",
      "integrity": "sha512-GLjkduuAL7IMJg/ZnOPm9AnWKJ82mSE2tzXLaJ/6hD6DhwGfZaXG77oB8qbReyiczNxnbxQKyh0OE5mXq0bAHA==",
      "license": "BSD-2-Clause",
      "engines": {
        "node": ">=12"
      },
      "funding": {
        "url": "https://dotenvx.com"
      }
    },
    "node_modules/openai": {
      "version": "5.8.2",
      "resolved": "https://registry.npmjs.org/openai/-/openai-5.8.2.tgz",
      "integrity": "sha512-8C+nzoHYgyYOXhHGN6r0fcb4SznuEn1R7YZMvlqDbnCuE0FM2mm3T1HiYW6WIcMS/F1Of2up/cSPjLPaWt0X9Q==",
      "license": "Apache-2.0",
      "bin": {
        "openai": "bin/cli"
      },
      "peerDependencies": {
        "ws": "^8.18.0",
        "zod": "^3.23.8"
      },
      "peerDependenciesMeta": {
        "ws": {
          "optional": true
        },
        "zod": {
          "optional": true
        }
      }
    }
  }
}
